
Microsoft Visual Studio Solution File, Format Version 12.00
# Visual Studio Version 17
VisualStudioVersion = 17.1.32210.238
MinimumVisualStudioVersion = 10.0.40219.1
Project("{54A90642-561A-4BB1-A94E-469ADEE60C69}") = "masterval-frontend", "masterval-frontend\masterval-frontend.esproj", "{3435CA65-0560-42F3-BBB9-E824679D30F9}"
EndProject
Project("{FAE04EC0-301F-11D3-BF4B-00C04F79EFBC}") = "masterval-backend", "masterval-backend\masterval-backend.csproj", "{61096D46-070A-4C05-83AF-6017401608B2}"
EndProject
Global
	GlobalSection(SolutionConfigurationPlatforms) = preSolution
		Debug|Any CPU = Debug|Any CPU
		Release|Any CPU = Release|Any CPU
	EndGlobalSection
	GlobalSection(ProjectConfigurationPlatforms) = postSolution
		{3435CA65-0560-42F3-BBB9-E824679D30F9}.Debug|Any CPU.ActiveCfg = Debug|Any CPU
		{3435CA65-0560-42F3-BBB9-E824679D30F9}.Debug|Any CPU.Build.0 = Debug|Any CPU
		{3435CA65-0560-42F3-BBB9-E824679D30F9}.Debug|Any CPU.Deploy.0 = Debug|Any CPU
		{3435CA65-0560-42F3-BBB9-E824679D30F9}.Release|Any CPU.ActiveCfg = Release|Any CPU
		{3435CA65-0560-42F3-BBB9-E824679D30F9}.Release|Any CPU.Build.0 = Release|Any CPU
		{3435CA65-0560-42F3-BBB9-E824679D30F9}.Release|Any CPU.Deploy.0 = Release|Any CPU
		{61096D46-070A-4C05-83AF-6017401608B2}.Debug|Any CPU.ActiveCfg = Debug|Any CPU
		{61096D46-070A-4C05-83AF-6017401608B2}.Debug|Any CPU.Build.0 = Debug|Any CPU
		{61096D46-070A-4C05-83AF-6017401608B2}.Release|Any CPU.ActiveCfg = Release|Any CPU
		{61096D46-070A-4C05-83AF-6017401608B2}.Release|Any CPU.Build.0 = Release|Any CPU
	EndGlobalSection
	GlobalSection(SolutionProperties) = preSolution
		HideSolutionNode = FALSE
	EndGlobalSection
	GlobalSection(ExtensibilityGlobals) = postSolution
		SolutionGuid = {EFACC6C8-CF02-4873-8073-7F179B81D527}
	EndGlobalSection
EndGlobal
